
Microsoft Visual Studio Solution File, Format Version 12.00
# Visual Studio Version 17
VisualStudioVersion = 17.5.33424.131
MinimumVisualStudioVersion = 10.0.40219.1
Project("{9A19103F-16F7-4668-BE54-9A1E7A4F7556}") = "WeatherForecast", "WeatherForecast\WeatherForecast.csproj", "{80A07C74-6A87-4B9F-A49C-1FBA50093577}"
EndProject
Project("{2150E333-8FDC-42A3-9474-1A3956D46DE8}") = "Deployment", "Deployment", "{4B9E8FF9-B8D5-44D5-A1A1-2B5B1391CF40}"
	ProjectSection(SolutionItems) = preProject
		Deployment\weatherforecast-deploy.yml = Deployment\weatherforecast-deploy.yml
	EndProjectSection
EndProject
Project("{FAE04EC0-301F-11D3-BF4B-00C04F79EFBC}") = "WeatherForecastProxy", "WeatherForecastProxy\WeatherForecastProxy.csproj", "{3C3792F4-DB16-42AD-9C59-FA04F066801B}"
EndProject
Project("{E53339B2-1760-4266-BCC7-CA923CBCF16C}") = "docker-compose", "docker-compose.dcproj", "{F381DCF6-7CF5-459C-882D-1A089E6CF039}"
EndProject
Global
	GlobalSection(SolutionConfigurationPlatforms) = preSolution
		Debug|Any CPU = Debug|Any CPU
		Release|Any CPU = Release|Any CPU
	EndGlobalSection
	GlobalSection(ProjectConfigurationPlatforms) = postSolution
		{80A07C74-6A87-4B9F-A49C-1FBA50093577}.Debug|Any CPU.ActiveCfg = Debug|Any CPU
		{80A07C74-6A87-4B9F-A49C-1FBA50093577}.Debug|Any CPU.Build.0 = Debug|Any CPU
		{80A07C74-6A87-4B9F-A49C-1FBA50093577}.Release|Any CPU.ActiveCfg = Release|Any CPU
		{80A07C74-6A87-4B9F-A49C-1FBA50093577}.Release|Any CPU.Build.0 = Release|Any CPU
		{3C3792F4-DB16-42AD-9C59-FA04F066801B}.Debug|Any CPU.ActiveCfg = Debug|Any CPU
		{3C3792F4-DB16-42AD-9C59-FA04F066801B}.Debug|Any CPU.Build.0 = Debug|Any CPU
		{3C3792F4-DB16-42AD-9C59-FA04F066801B}.Release|Any CPU.ActiveCfg = Release|Any CPU
		{3C3792F4-DB16-42AD-9C59-FA04F066801B}.Release|Any CPU.Build.0 = Release|Any CPU
		{F381DCF6-7CF5-459C-882D-1A089E6CF039}.Debug|Any CPU.ActiveCfg = Debug|Any CPU
		{F381DCF6-7CF5-459C-882D-1A089E6CF039}.Debug|Any CPU.Build.0 = Debug|Any CPU
		{F381DCF6-7CF5-459C-882D-1A089E6CF039}.Release|Any CPU.ActiveCfg = Release|Any CPU
		{F381DCF6-7CF5-459C-882D-1A089E6CF039}.Release|Any CPU.Build.0 = Release|Any CPU
	EndGlobalSection
	GlobalSection(SolutionProperties) = preSolution
		HideSolutionNode = FALSE
	EndGlobalSection
	GlobalSection(ExtensibilityGlobals) = postSolution
		SolutionGuid = {0E1203E7-F8B7-469C-A6FC-786CF3E38563}
	EndGlobalSection
EndGlobal
